// !$*UTF8*$!
{
	archiveVersion = 1;
	classes = {
	};
	objectVersion = 46;
	objects = {

/* Begin PBXBuildFile section */
		8123C5965995DA190D72F440 /* Pods_KenKen.framework in Frameworks */ = {isa = PBXBuildFile; fileRef = 96010D6ED883E422E575F257 /* Pods_KenKen.framework */; };
		830D3D5F1DECA3AF00D0DF44 /* ScoreboardTableViewCell.swift in Sources */ = {isa = PBXBuildFile; fileRef = 830D3D5E1DECA3AF00D0DF44 /* ScoreboardTableViewCell.swift */; };
		830D3D611DECAF1000D0DF44 /* StarRank.swift in Sources */ = {isa = PBXBuildFile; fileRef = 830D3D601DECAF1000D0DF44 /* StarRank.swift */; };
		830D3D631DED33CB00D0DF44 /* StartTutorialViewController.swift in Sources */ = {isa = PBXBuildFile; fileRef = 830D3D621DED33CB00D0DF44 /* StartTutorialViewController.swift */; };
		8312326F1DEE099B008F9C89 /* Cage.swift in Sources */ = {isa = PBXBuildFile; fileRef = 8312326E1DEE099B008F9C89 /* Cage.swift */; };
		831589E01DE0F20200ABC3AE /* FailedViewController.swift in Sources */ = {isa = PBXBuildFile; fileRef = 831589DF1DE0F20200ABC3AE /* FailedViewController.swift */; };
		831589E21DE15C1300ABC3AE /* ChallengeTableViewCell.swift in Sources */ = {isa = PBXBuildFile; fileRef = 831589E11DE15C1300ABC3AE /* ChallengeTableViewCell.swift */; };
		831589E41DE20EDF00ABC3AE /* InfoViewController.swift in Sources */ = {isa = PBXBuildFile; fileRef = 831589E31DE20EDF00ABC3AE /* InfoViewController.swift */; };
		831589E61DE2132000ABC3AE /* ExtensionsViewController.swift in Sources */ = {isa = PBXBuildFile; fileRef = 831589E51DE2132000ABC3AE /* ExtensionsViewController.swift */; };
		831589E81DE2895F00ABC3AE /* StartViewController.swift in Sources */ = {isa = PBXBuildFile; fileRef = 831589E71DE2895F00ABC3AE /* StartViewController.swift */; };
		831589EA1DE3567300ABC3AE /* Challenge.swift in Sources */ = {isa = PBXBuildFile; fileRef = 831589E91DE3567300ABC3AE /* Challenge.swift */; };
		832225ED1EBD42BB00CAF17E /* RateViewController.swift in Sources */ = {isa = PBXBuildFile; fileRef = 832225EC1EBD42BB00CAF17E /* RateViewController.swift */; };
		8348ADAE1EDD544C005331C0 /* GoogleService-Info.plist in Resources */ = {isa = PBXBuildFile; fileRef = 8348ADAD1EDD544C005331C0 /* GoogleService-Info.plist */; };
		8348ADB01EDDBF32005331C0 /* LoginViewController.swift in Sources */ = {isa = PBXBuildFile; fileRef = 8348ADAF1EDDBF32005331C0 /* LoginViewController.swift */; };
		834DA1C81DC69BAB00E9D919 /* AppDelegate.swift in Sources */ = {isa = PBXBuildFile; fileRef = 834DA1C71DC69BAB00E9D919 /* AppDelegate.swift */; };
		834DA1CA1DC69BAB00E9D919 /* ViewController.swift in Sources */ = {isa = PBXBuildFile; fileRef = 834DA1C91DC69BAB00E9D919 /* ViewController.swift */; };
		834DA1CD1DC69BAB00E9D919 /* Main.storyboard in Resources */ = {isa = PBXBuildFile; fileRef = 834DA1CB1DC69BAB00E9D919 /* Main.storyboard */; };
		834DA1D01DC69BAB00E9D919 /* KenKen.xcdatamodeld in Sources */ = {isa = PBXBuildFile; fileRef = 834DA1CE1DC69BAB00E9D919 /* KenKen.xcdatamodeld */; };
		834DA1D21DC69BAB00E9D919 /* Assets.xcassets in Resources */ = {isa = PBXBuildFile; fileRef = 834DA1D11DC69BAB00E9D919 /* Assets.xcassets */; };
		834DA1D51DC69BAB00E9D919 /* LaunchScreen.storyboard in Resources */ = {isa = PBXBuildFile; fileRef = 834DA1D31DC69BAB00E9D919 /* LaunchScreen.storyboard */; };
		834DA1DD1DC8415700E9D919 /* KenKenCell.swift in Sources */ = {isa = PBXBuildFile; fileRef = 834DA1DC1DC8415700E9D919 /* KenKenCell.swift */; };
		834DA1DF1DC90B9000E9D919 /* KenKenField.swift in Sources */ = {isa = PBXBuildFile; fileRef = 834DA1DE1DC90B9000E9D919 /* KenKenField.swift */; };
		8357FC4E1EE844D3007A41F3 /* CustomNavigationBar.swift in Sources */ = {isa = PBXBuildFile; fileRef = 8357FC4D1EE844D3007A41F3 /* CustomNavigationBar.swift */; };
		8359EBDE1DE0DBCD002834E5 /* ScoreBoardViewController.swift in Sources */ = {isa = PBXBuildFile; fileRef = 8359EBDD1DE0DBCD002834E5 /* ScoreBoardViewController.swift */; };
		8359EBE31DE0DE64002834E5 /* ChallengeMenuViewController.swift in Sources */ = {isa = PBXBuildFile; fileRef = 8359EBE21DE0DE64002834E5 /* ChallengeMenuViewController.swift */; };
		8359EBE51DE0E418002834E5 /* ChallengeViewController.swift in Sources */ = {isa = PBXBuildFile; fileRef = 8359EBE41DE0E418002834E5 /* ChallengeViewController.swift */; };
		8359EBE71DE0E6A4002834E5 /* FinishedViewController.swift in Sources */ = {isa = PBXBuildFile; fileRef = 8359EBE61DE0E6A4002834E5 /* FinishedViewController.swift */; };
		83615AE31EE8E4B30049ACBF /* AvatarViewController.swift in Sources */ = {isa = PBXBuildFile; fileRef = 83615AE21EE8E4B30049ACBF /* AvatarViewController.swift */; };
		83615AE51EE8E7C40049ACBF /* AvatarCollectionViewCell.swift in Sources */ = {isa = PBXBuildFile; fileRef = 83615AE41EE8E7C40049ACBF /* AvatarCollectionViewCell.swift */; };
		83615AE71EEA34560049ACBF /* AccountBodyCell.swift in Sources */ = {isa = PBXBuildFile; fileRef = 83615AE61EEA34560049ACBF /* AccountBodyCell.swift */; };
		83615AE91EEA48720049ACBF /* AccountLogOutCell.swift in Sources */ = {isa = PBXBuildFile; fileRef = 83615AE81EEA48720049ACBF /* AccountLogOutCell.swift */; };
		837358C81EBB25B200E81DA5 /* HomeNavigationController.swift in Sources */ = {isa = PBXBuildFile; fileRef = 837358C71EBB25B200E81DA5 /* HomeNavigationController.swift */; };
		837358CA1EBB510B00E81DA5 /* PauseViewController.swift in Sources */ = {isa = PBXBuildFile; fileRef = 837358C91EBB510B00E81DA5 /* PauseViewController.swift */; };
		83869EC01EE041B200583B9A /* User.swift in Sources */ = {isa = PBXBuildFile; fileRef = 83869EBF1EE041B200583B9A /* User.swift */; };
		83922B341DF7064E0084D0BF /* PlayHelpViewController.swift in Sources */ = {isa = PBXBuildFile; fileRef = 83922B331DF7064E0084D0BF /* PlayHelpViewController.swift */; };
		839E7FB91DF3207300FAD13E /* TopAlignedLabel.swift in Sources */ = {isa = PBXBuildFile; fileRef = 839E7FB81DF3207300FAD13E /* TopAlignedLabel.swift */; };
		839E7FBB1DF32AF700FAD13E /* HelpViewController.swift in Sources */ = {isa = PBXBuildFile; fileRef = 839E7FBA1DF32AF700FAD13E /* HelpViewController.swift */; };
		83A05DCF1DDA1B4900FE77BA /* PopUpViewController.swift in Sources */ = {isa = PBXBuildFile; fileRef = 83A05DCE1DDA1B4900FE77BA /* PopUpViewController.swift */; };
		83A05DD11DDA3D6700FE77BA /* TutorialContainerViewController.swift in Sources */ = {isa = PBXBuildFile; fileRef = 83A05DD01DDA3D6700FE77BA /* TutorialContainerViewController.swift */; };
		83A05DD31DDA9C9700FE77BA /* HomePageViewController.swift in Sources */ = {isa = PBXBuildFile; fileRef = 83A05DD21DDA9C9700FE77BA /* HomePageViewController.swift */; };
		83A98D061DDBA54400EF70B4 /* Slide2ViewController.swift in Sources */ = {isa = PBXBuildFile; fileRef = 83A98D051DDBA54400EF70B4 /* Slide2ViewController.swift */; };
		83A98D081DDBB24200EF70B4 /* FirstTutVC.swift in Sources */ = {isa = PBXBuildFile; fileRef = 83A98D071DDBB24200EF70B4 /* FirstTutVC.swift */; };
		83A98D0C1DDBB45100EF70B4 /* SecondTutVC.swift in Sources */ = {isa = PBXBuildFile; fileRef = 83A98D0B1DDBB45100EF70B4 /* SecondTutVC.swift */; };
		83A98D0E1DDBB47E00EF70B4 /* ThirdTutVC.swift in Sources */ = {isa = PBXBuildFile; fileRef = 83A98D0D1DDBB47E00EF70B4 /* ThirdTutVC.swift */; };
		83A98D101DDBB48B00EF70B4 /* FourthTutVC.swift in Sources */ = {isa = PBXBuildFile; fileRef = 83A98D0F1DDBB48B00EF70B4 /* FourthTutVC.swift */; };
		83AB46461DE3BB6500643DD9 /* ChallengeCompletedViewController.swift in Sources */ = {isa = PBXBuildFile; fileRef = 83AB46451DE3BB6500643DD9 /* ChallengeCompletedViewController.swift */; };
		83AB46481DE3F07200643DD9 /* Scoreboard.swift in Sources */ = {isa = PBXBuildFile; fileRef = 83AB46471DE3F07200643DD9 /* Scoreboard.swift */; };
		83E1D23D1EE88881009F7494 /* AccountViewController.swift in Sources */ = {isa = PBXBuildFile; fileRef = 83E1D23C1EE88881009F7494 /* AccountViewController.swift */; };
		83E1D23F1EE894CB009F7494 /* AccountHeaderCell.swift in Sources */ = {isa = PBXBuildFile; fileRef = 83E1D23E1EE894CB009F7494 /* AccountHeaderCell.swift */; };
		83FC41B71DD5696B008FAAFE /* MyCustomCell.swift in Sources */ = {isa = PBXBuildFile; fileRef = 83FC41B61DD5696B008FAAFE /* MyCustomCell.swift */; };
		83FC41B91DD56A39008FAAFE /* HomeViewController.swift in Sources */ = {isa = PBXBuildFile; fileRef = 83FC41B81DD56A39008FAAFE /* HomeViewController.swift */; };
		83FC41BB1DD7B081008FAAFE /* TutorialPageViewController.swift in Sources */ = {isa = PBXBuildFile; fileRef = 83FC41BA1DD7B081008FAAFE /* TutorialPageViewController.swift */; };
		83FC41BF1DD8DD6F008FAAFE /* Slide1ViewController.swift in Sources */ = {isa = PBXBuildFile; fileRef = 83FC41BE1DD8DD6F008FAAFE /* Slide1ViewController.swift */; };
		83FE29921DE613C20006A334 /* ScoreDetailTableViewController.swift in Sources */ = {isa = PBXBuildFile; fileRef = 83FE29911DE613C20006A334 /* ScoreDetailTableViewController.swift */; };
/* End PBXBuildFile section */

/* Begin PBXFileReference section */
		73AA76184E984EFC5DCDA4FC /* Pods-KenKen.release.xcconfig */ = {isa = PBXFileReference; includeInIndex = 1; lastKnownFileType = text.xcconfig; name = "Pods-KenKen.release.xcconfig"; path = "Pods/Target Support Files/Pods-KenKen/Pods-KenKen.release.xcconfig"; sourceTree = "<group>"; };
		830D3D5E1DECA3AF00D0DF44 /* ScoreboardTableViewCell.swift */ = {isa = PBXFileReference; fileEncoding = 4; lastKnownFileType = sourcecode.swift; name = ScoreboardTableViewCell.swift; path = Scoreboard/ScoreboardTableViewCell.swift; sourceTree = "<group>"; };
		830D3D601DECAF1000D0DF44 /* StarRank.swift */ = {isa = PBXFileReference; fileEncoding = 4; lastKnownFileType = sourcecode.swift; name = StarRank.swift; path = Classes/StarRank.swift; sourceTree = "<group>"; };
		830D3D621DED33CB00D0DF44 /* StartTutorialViewController.swift */ = {isa = PBXFileReference; fileEncoding = 4; lastKnownFileType = sourcecode.swift; name = StartTutorialViewController.swift; path = Tutorial/StartTutorialViewController.swift; sourceTree = "<group>"; };
		8312326E1DEE099B008F9C89 /* Cage.swift */ = {isa = PBXFileReference; fileEncoding = 4; lastKnownFileType = sourcecode.swift; name = Cage.swift; path = Classes/Cage.swift; sourceTree = "<group>"; };
		831589DF1DE0F20200ABC3AE /* FailedViewController.swift */ = {isa = PBXFileReference; fileEncoding = 4; lastKnownFileType = sourcecode.swift; name = FailedViewController.swift; path = Challenge/FailedViewController.swift; sourceTree = "<group>"; };
		831589E11DE15C1300ABC3AE /* ChallengeTableViewCell.swift */ = {isa = PBXFileReference; fileEncoding = 4; lastKnownFileType = sourcecode.swift; name = ChallengeTableViewCell.swift; path = Classes/ChallengeTableViewCell.swift; sourceTree = "<group>"; };
		831589E31DE20EDF00ABC3AE /* InfoViewController.swift */ = {isa = PBXFileReference; fileEncoding = 4; lastKnownFileType = sourcecode.swift; name = InfoViewController.swift; path = Challenge/InfoViewController.swift; sourceTree = "<group>"; };
		831589E51DE2132000ABC3AE /* ExtensionsViewController.swift */ = {isa = PBXFileReference; fileEncoding = 4; lastKnownFileType = sourcecode.swift; name = ExtensionsViewController.swift; path = Challenge/ExtensionsViewController.swift; sourceTree = "<group>"; };
		831589E71DE2895F00ABC3AE /* StartViewController.swift */ = {isa = PBXFileReference; fileEncoding = 4; lastKnownFileType = sourcecode.swift; name = StartViewController.swift; path = Challenge/StartViewController.swift; sourceTree = "<group>"; };
		831589E91DE3567300ABC3AE /* Challenge.swift */ = {isa = PBXFileReference; fileEncoding = 4; lastKnownFileType = sourcecode.swift; name = Challenge.swift; path = Challenge/Challenge.swift; sourceTree = "<group>"; };
		832225EC1EBD42BB00CAF17E /* RateViewController.swift */ = {isa = PBXFileReference; fileEncoding = 4; lastKnownFileType = sourcecode.swift; name = RateViewController.swift; path = Home/RateViewController.swift; sourceTree = "<group>"; };
		8348ADAD1EDD544C005331C0 /* GoogleService-Info.plist */ = {isa = PBXFileReference; fileEncoding = 4; lastKnownFileType = text.plist.xml; path = "GoogleService-Info.plist"; sourceTree = "<group>"; };
		8348ADAF1EDDBF32005331C0 /* LoginViewController.swift */ = {isa = PBXFileReference; fileEncoding = 4; lastKnownFileType = sourcecode.swift; name = LoginViewController.swift; path = Home/LoginViewController.swift; sourceTree = "<group>"; };
		834DA1C41DC69BAB00E9D919 /* KenKen.app */ = {isa = PBXFileReference; explicitFileType = wrapper.application; includeInIndex = 0; path = KenKen.app; sourceTree = BUILT_PRODUCTS_DIR; };
		834DA1C71DC69BAB00E9D919 /* AppDelegate.swift */ = {isa = PBXFileReference; lastKnownFileType = sourcecode.swift; path = AppDelegate.swift; sourceTree = "<group>"; };
		834DA1C91DC69BAB00E9D919 /* ViewController.swift */ = {isa = PBXFileReference; lastKnownFileType = sourcecode.swift; name = ViewController.swift; path = Play/ViewController.swift; sourceTree = "<group>"; };
		834DA1CC1DC69BAB00E9D919 /* Base */ = {isa = PBXFileReference; lastKnownFileType = file.storyboard; name = Base; path = Base.lproj/Main.storyboard; sourceTree = "<group>"; };
		834DA1CF1DC69BAB00E9D919 /* KenKen.xcdatamodel */ = {isa = PBXFileReference; lastKnownFileType = wrapper.xcdatamodel; path = KenKen.xcdatamodel; sourceTree = "<group>"; };
		834DA1D11DC69BAB00E9D919 /* Assets.xcassets */ = {isa = PBXFileReference; lastKnownFileType = folder.assetcatalog; path = Assets.xcassets; sourceTree = "<group>"; };
		834DA1D41DC69BAB00E9D919 /* Base */ = {isa = PBXFileReference; lastKnownFileType = file.storyboard; name = Base; path = Base.lproj/LaunchScreen.storyboard; sourceTree = "<group>"; };
		834DA1D61DC69BAB00E9D919 /* Info.plist */ = {isa = PBXFileReference; lastKnownFileType = text.plist.xml; path = Info.plist; sourceTree = "<group>"; };
		834DA1DC1DC8415700E9D919 /* KenKenCell.swift */ = {isa = PBXFileReference; fileEncoding = 4; lastKnownFileType = sourcecode.swift; name = KenKenCell.swift; path = Classes/KenKenCell.swift; sourceTree = "<group>"; };
		834DA1DE1DC90B9000E9D919 /* KenKenField.swift */ = {isa = PBXFileReference; fileEncoding = 4; lastKnownFileType = sourcecode.swift; name = KenKenField.swift; path = Classes/KenKenField.swift; sourceTree = "<group>"; };
		8357FC4D1EE844D3007A41F3 /* CustomNavigationBar.swift */ = {isa = PBXFileReference; fileEncoding = 4; lastKnownFileType = sourcecode.swift; name = CustomNavigationBar.swift; path = Classes/CustomNavigationBar.swift; sourceTree = "<group>"; };
		8359EBDD1DE0DBCD002834E5 /* ScoreBoardViewController.swift */ = {isa = PBXFileReference; fileEncoding = 4; lastKnownFileType = sourcecode.swift; name = ScoreBoardViewController.swift; path = Scoreboard/ScoreBoardViewController.swift; sourceTree = "<group>"; };
		8359EBE21DE0DE64002834E5 /* ChallengeMenuViewController.swift */ = {isa = PBXFileReference; fileEncoding = 4; lastKnownFileType = sourcecode.swift; name = ChallengeMenuViewController.swift; path = Challenge/ChallengeMenuViewController.swift; sourceTree = "<group>"; };
		8359EBE41DE0E418002834E5 /* ChallengeViewController.swift */ = {isa = PBXFileReference; fileEncoding = 4; lastKnownFileType = sourcecode.swift; name = ChallengeViewController.swift; path = Challenge/ChallengeViewController.swift; sourceTree = "<group>"; };
		8359EBE61DE0E6A4002834E5 /* FinishedViewController.swift */ = {isa = PBXFileReference; fileEncoding = 4; lastKnownFileType = sourcecode.swift; name = FinishedViewController.swift; path = Challenge/FinishedViewController.swift; sourceTree = "<group>"; };
		83615AE21EE8E4B30049ACBF /* AvatarViewController.swift */ = {isa = PBXFileReference; fileEncoding = 4; lastKnownFileType = sourcecode.swift; name = AvatarViewController.swift; path = Home/AvatarViewController.swift; sourceTree = "<group>"; };
		83615AE41EE8E7C40049ACBF /* AvatarCollectionViewCell.swift */ = {isa = PBXFileReference; fileEncoding = 4; lastKnownFileType = sourcecode.swift; name = AvatarCollectionViewCell.swift; path = Classes/AvatarCollectionViewCell.swift; sourceTree = "<group>"; };
		83615AE61EEA34560049ACBF /* AccountBodyCell.swift */ = {isa = PBXFileReference; fileEncoding = 4; lastKnownFileType = sourcecode.swift; name = AccountBodyCell.swift; path = Classes/AccountBodyCell.swift; sourceTree = "<group>"; };
		83615AE81EEA48720049ACBF /* AccountLogOutCell.swift */ = {isa = PBXFileReference; fileEncoding = 4; lastKnownFileType = sourcecode.swift; name = AccountLogOutCell.swift; path = Classes/AccountLogOutCell.swift; sourceTree = "<group>"; };
		837358C71EBB25B200E81DA5 /* HomeNavigationController.swift */ = {isa = PBXFileReference; fileEncoding = 4; lastKnownFileType = sourcecode.swift; name = HomeNavigationController.swift; path = Home/HomeNavigationController.swift; sourceTree = "<group>"; };
		837358C91EBB510B00E81DA5 /* PauseViewController.swift */ = {isa = PBXFileReference; fileEncoding = 4; lastKnownFileType = sourcecode.swift; name = PauseViewController.swift; path = Play/PauseViewController.swift; sourceTree = "<group>"; };
		83869EBF1EE041B200583B9A /* User.swift */ = {isa = PBXFileReference; fileEncoding = 4; lastKnownFileType = sourcecode.swift; name = User.swift; path = Classes/User.swift; sourceTree = "<group>"; };
		83922B331DF7064E0084D0BF /* PlayHelpViewController.swift */ = {isa = PBXFileReference; fileEncoding = 4; lastKnownFileType = sourcecode.swift; name = PlayHelpViewController.swift; path = Play/PlayHelpViewController.swift; sourceTree = "<group>"; };
		839E7FB81DF3207300FAD13E /* TopAlignedLabel.swift */ = {isa = PBXFileReference; fileEncoding = 4; lastKnownFileType = sourcecode.swift; name = TopAlignedLabel.swift; path = Classes/TopAlignedLabel.swift; sourceTree = "<group>"; };
		839E7FBA1DF32AF700FAD13E /* HelpViewController.swift */ = {isa = PBXFileReference; fileEncoding = 4; lastKnownFileType = sourcecode.swift; name = HelpViewController.swift; path = Scoreboard/HelpViewController.swift; sourceTree = "<group>"; };
		83A05DCE1DDA1B4900FE77BA /* PopUpViewController.swift */ = {isa = PBXFileReference; fileEncoding = 4; lastKnownFileType = sourcecode.swift; name = PopUpViewController.swift; path = Play/PopUpViewController.swift; sourceTree = "<group>"; };
		83A05DD01DDA3D6700FE77BA /* TutorialContainerViewController.swift */ = {isa = PBXFileReference; fileEncoding = 4; lastKnownFileType = sourcecode.swift; name = TutorialContainerViewController.swift; path = Tutorial/TutorialContainerViewController.swift; sourceTree = "<group>"; };
		83A05DD21DDA9C9700FE77BA /* HomePageViewController.swift */ = {isa = PBXFileReference; fileEncoding = 4; lastKnownFileType = sourcecode.swift; name = HomePageViewController.swift; path = Home/HomePageViewController.swift; sourceTree = "<group>"; };
		83A98D051DDBA54400EF70B4 /* Slide2ViewController.swift */ = {isa = PBXFileReference; fileEncoding = 4; lastKnownFileType = sourcecode.swift; name = Slide2ViewController.swift; path = Home/Slide2ViewController.swift; sourceTree = "<group>"; };
		83A98D071DDBB24200EF70B4 /* FirstTutVC.swift */ = {isa = PBXFileReference; fileEncoding = 4; lastKnownFileType = sourcecode.swift; name = FirstTutVC.swift; path = Tutorial/FirstTutVC.swift; sourceTree = "<group>"; };
		83A98D0B1DDBB45100EF70B4 /* SecondTutVC.swift */ = {isa = PBXFileReference; fileEncoding = 4; lastKnownFileType = sourcecode.swift; name = SecondTutVC.swift; path = Tutorial/SecondTutVC.swift; sourceTree = "<group>"; };
		83A98D0D1DDBB47E00EF70B4 /* ThirdTutVC.swift */ = {isa = PBXFileReference; fileEncoding = 4; lastKnownFileType = sourcecode.swift; name = ThirdTutVC.swift; path = Tutorial/ThirdTutVC.swift; sourceTree = "<group>"; };
		83A98D0F1DDBB48B00EF70B4 /* FourthTutVC.swift */ = {isa = PBXFileReference; fileEncoding = 4; lastKnownFileType = sourcecode.swift; name = FourthTutVC.swift; path = Tutorial/FourthTutVC.swift; sourceTree = "<group>"; };
		83AB46451DE3BB6500643DD9 /* ChallengeCompletedViewController.swift */ = {isa = PBXFileReference; fileEncoding = 4; lastKnownFileType = sourcecode.swift; name = ChallengeCompletedViewController.swift; path = Challenge/ChallengeCompletedViewController.swift; sourceTree = "<group>"; };
		83AB46471DE3F07200643DD9 /* Scoreboard.swift */ = {isa = PBXFileReference; fileEncoding = 4; lastKnownFileType = sourcecode.swift; name = Scoreboard.swift; path = Scoreboard/Scoreboard.swift; sourceTree = "<group>"; };
		83D4D6FA1E121318004A5C96 /* Agilis.otf */ = {isa = PBXFileReference; lastKnownFileType = file; name = Agilis.otf; path = Fonts/Agilis.otf; sourceTree = "<group>"; };
		83E1D23C1EE88881009F7494 /* AccountViewController.swift */ = {isa = PBXFileReference; fileEncoding = 4; lastKnownFileType = sourcecode.swift; name = AccountViewController.swift; path = Home/AccountViewController.swift; sourceTree = "<group>"; };
		83E1D23E1EE894CB009F7494 /* AccountHeaderCell.swift */ = {isa = PBXFileReference; fileEncoding = 4; lastKnownFileType = sourcecode.swift; name = AccountHeaderCell.swift; path = Classes/AccountHeaderCell.swift; sourceTree = "<group>"; };
		83FC41B61DD5696B008FAAFE /* MyCustomCell.swift */ = {isa = PBXFileReference; fileEncoding = 4; lastKnownFileType = sourcecode.swift; name = MyCustomCell.swift; path = Classes/MyCustomCell.swift; sourceTree = "<group>"; };
		83FC41B81DD56A39008FAAFE /* HomeViewController.swift */ = {isa = PBXFileReference; fileEncoding = 4; lastKnownFileType = sourcecode.swift; name = HomeViewController.swift; path = Home/HomeViewController.swift; sourceTree = "<group>"; };
		83FC41BA1DD7B081008FAAFE /* TutorialPageViewController.swift */ = {isa = PBXFileReference; fileEncoding = 4; lastKnownFileType = sourcecode.swift; name = TutorialPageViewController.swift; path = Tutorial/TutorialPageViewController.swift; sourceTree = "<group>"; };
		83FC41BE1DD8DD6F008FAAFE /* Slide1ViewController.swift */ = {isa = PBXFileReference; fileEncoding = 4; lastKnownFileType = sourcecode.swift; name = Slide1ViewController.swift; path = Home/Slide1ViewController.swift; sourceTree = "<group>"; };
		83FE29911DE613C20006A334 /* ScoreDetailTableViewController.swift */ = {isa = PBXFileReference; fileEncoding = 4; lastKnownFileType = sourcecode.swift; name = ScoreDetailTableViewController.swift; path = Scoreboard/ScoreDetailTableViewController.swift; sourceTree = "<group>"; };
		96010D6ED883E422E575F257 /* Pods_KenKen.framework */ = {isa = PBXFileReference; explicitFileType = wrapper.framework; includeInIndex = 0; path = Pods_KenKen.framework; sourceTree = BUILT_PRODUCTS_DIR; };
		C7F17CCAF2B08613E4D54D64 /* Pods-KenKen.debug.xcconfig */ = {isa = PBXFileReference; includeInIndex = 1; lastKnownFileType = text.xcconfig; name = "Pods-KenKen.debug.xcconfig"; path = "Pods/Target Support Files/Pods-KenKen/Pods-KenKen.debug.xcconfig"; sourceTree = "<group>"; };
/* End PBXFileReference section */

/* Begin PBXFrameworksBuildPhase section */
		834DA1C11DC69BAA00E9D919 /* Frameworks */ = {
			isa = PBXFrameworksBuildPhase;
			buildActionMask = 2147483647;
			files = (
				8123C5965995DA190D72F440 /* Pods_KenKen.framework in Frameworks */,
			);
			runOnlyForDeploymentPostprocessing = 0;
		};
/* End PBXFrameworksBuildPhase section */

/* Begin PBXGroup section */
		53F46A1EF08323560FAF6408 /* Pods */ = {
			isa = PBXGroup;
			children = (
				C7F17CCAF2B08613E4D54D64 /* Pods-KenKen.debug.xcconfig */,
				73AA76184E984EFC5DCDA4FC /* Pods-KenKen.release.xcconfig */,
			);
			name = Pods;
			sourceTree = "<group>";
		};
		8312326C1DEE01C0008F9C89 /* Resources */ = {
			isa = PBXGroup;
			children = (
			);
			name = Resources;
			path = KenKen;
			sourceTree = "<group>";
		};
		834DA1BB1DC69BAA00E9D919 = {
			isa = PBXGroup;
			children = (
				834DA1C61DC69BAB00E9D919 /* KenKen */,
				8312326C1DEE01C0008F9C89 /* Resources */,
				834DA1C51DC69BAB00E9D919 /* Products */,
				53F46A1EF08323560FAF6408 /* Pods */,
				E0E10C726035D31C6EE3F3E2 /* Frameworks */,
			);
			sourceTree = "<group>";
		};
		834DA1C51DC69BAB00E9D919 /* Products */ = {
			isa = PBXGroup;
			children = (
				834DA1C41DC69BAB00E9D919 /* KenKen.app */,
			);
			name = Products;
			sourceTree = "<group>";
		};
		834DA1C61DC69BAB00E9D919 /* KenKen */ = {
			isa = PBXGroup;
			children = (
				834DA1C71DC69BAB00E9D919 /* AppDelegate.swift */,
				83A98D121DDBB4C800EF70B4 /* Play */,
				83A98D041DDAC28D00EF70B4 /* Home */,
				8359EBE11DE0DE48002834E5 /* Challenge */,
				83FC41C01DD8DD7B008FAAFE /* Tutorial */,
				8359EBDF1DE0DBDD002834E5 /* Scoreboard */,
				83A98D111DDBB4B500EF70B4 /* Classes */,
				83D4D6FB1E1228A6004A5C96 /* Fonts */,
				834DA1CB1DC69BAB00E9D919 /* Main.storyboard */,
				834DA1D31DC69BAB00E9D919 /* LaunchScreen.storyboard */,
				834DA1D11DC69BAB00E9D919 /* Assets.xcassets */,
				834DA1D61DC69BAB00E9D919 /* Info.plist */,
				8348ADAD1EDD544C005331C0 /* GoogleService-Info.plist */,
				834DA1CE1DC69BAB00E9D919 /* KenKen.xcdatamodeld */,
			);
			path = KenKen;
			sourceTree = "<group>";
		};
		8359EBDF1DE0DBDD002834E5 /* Scoreboard */ = {
			isa = PBXGroup;
			children = (
				8359EBDD1DE0DBCD002834E5 /* ScoreBoardViewController.swift */,
				83FE29911DE613C20006A334 /* ScoreDetailTableViewController.swift */,
				83AB46471DE3F07200643DD9 /* Scoreboard.swift */,
				830D3D5E1DECA3AF00D0DF44 /* ScoreboardTableViewCell.swift */,
				839E7FBA1DF32AF700FAD13E /* HelpViewController.swift */,
			);
			name = Scoreboard;
			sourceTree = "<group>";
		};
		8359EBE11DE0DE48002834E5 /* Challenge */ = {
			isa = PBXGroup;
			children = (
				8359EBE21DE0DE64002834E5 /* ChallengeMenuViewController.swift */,
				8359EBE41DE0E418002834E5 /* ChallengeViewController.swift */,
				8359EBE61DE0E6A4002834E5 /* FinishedViewController.swift */,
				831589E71DE2895F00ABC3AE /* StartViewController.swift */,
				831589DF1DE0F20200ABC3AE /* FailedViewController.swift */,
				83AB46451DE3BB6500643DD9 /* ChallengeCompletedViewController.swift */,
				831589E31DE20EDF00ABC3AE /* InfoViewController.swift */,
				831589E51DE2132000ABC3AE /* ExtensionsViewController.swift */,
				831589E91DE3567300ABC3AE /* Challenge.swift */,
			);
			name = Challenge;
			sourceTree = "<group>";
		};
		83A98D041DDAC28D00EF70B4 /* Home */ = {
			isa = PBXGroup;
			children = (
				837358C71EBB25B200E81DA5 /* HomeNavigationController.swift */,
				83A05DD21DDA9C9700FE77BA /* HomePageViewController.swift */,
				83FC41B81DD56A39008FAAFE /* HomeViewController.swift */,
				83FC41BE1DD8DD6F008FAAFE /* Slide1ViewController.swift */,
				83A98D051DDBA54400EF70B4 /* Slide2ViewController.swift */,
				832225EC1EBD42BB00CAF17E /* RateViewController.swift */,
				8348ADAF1EDDBF32005331C0 /* LoginViewController.swift */,
				83E1D23C1EE88881009F7494 /* AccountViewController.swift */,
				83615AE21EE8E4B30049ACBF /* AvatarViewController.swift */,
			);
			name = Home;
			sourceTree = "<group>";
		};
		83A98D111DDBB4B500EF70B4 /* Classes */ = {
			isa = PBXGroup;
			children = (
				839E7FB81DF3207300FAD13E /* TopAlignedLabel.swift */,
				834DA1DC1DC8415700E9D919 /* KenKenCell.swift */,
				834DA1DE1DC90B9000E9D919 /* KenKenField.swift */,
				83FC41B61DD5696B008FAAFE /* MyCustomCell.swift */,
				831589E11DE15C1300ABC3AE /* ChallengeTableViewCell.swift */,
				830D3D601DECAF1000D0DF44 /* StarRank.swift */,
				8312326E1DEE099B008F9C89 /* Cage.swift */,
				83869EBF1EE041B200583B9A /* User.swift */,
				8357FC4D1EE844D3007A41F3 /* CustomNavigationBar.swift */,
				83E1D23E1EE894CB009F7494 /* AccountHeaderCell.swift */,
				83615AE41EE8E7C40049ACBF /* AvatarCollectionViewCell.swift */,
				83615AE61EEA34560049ACBF /* AccountBodyCell.swift */,
				83615AE81EEA48720049ACBF /* AccountLogOutCell.swift */,
			);
			name = Classes;
			sourceTree = "<group>";
		};
		83A98D121DDBB4C800EF70B4 /* Play */ = {
			isa = PBXGroup;
			children = (
				834DA1C91DC69BAB00E9D919 /* ViewController.swift */,
				83A05DCE1DDA1B4900FE77BA /* PopUpViewController.swift */,
				83922B331DF7064E0084D0BF /* PlayHelpViewController.swift */,
				837358C91EBB510B00E81DA5 /* PauseViewController.swift */,
			);
			name = Play;
			sourceTree = "<group>";
		};
		83D4D6FB1E1228A6004A5C96 /* Fonts */ = {
			isa = PBXGroup;
			children = (
				83D4D6FA1E121318004A5C96 /* Agilis.otf */,
			);
			name = Fonts;
			sourceTree = "<group>";
		};
		83FC41C01DD8DD7B008FAAFE /* Tutorial */ = {
			isa = PBXGroup;
			children = (
				83FC41BA1DD7B081008FAAFE /* TutorialPageViewController.swift */,
				83A05DD01DDA3D6700FE77BA /* TutorialContainerViewController.swift */,
				83A98D071DDBB24200EF70B4 /* FirstTutVC.swift */,
				83A98D0B1DDBB45100EF70B4 /* SecondTutVC.swift */,
				83A98D0D1DDBB47E00EF70B4 /* ThirdTutVC.swift */,
				83A98D0F1DDBB48B00EF70B4 /* FourthTutVC.swift */,
				830D3D621DED33CB00D0DF44 /* StartTutorialViewController.swift */,
			);
			name = Tutorial;
			sourceTree = "<group>";
		};
		E0E10C726035D31C6EE3F3E2 /* Frameworks */ = {
			isa = PBXGroup;
			children = (
				96010D6ED883E422E575F257 /* Pods_KenKen.framework */,
			);
			name = Frameworks;
			sourceTree = "<group>";
		};
/* End PBXGroup section */

/* Begin PBXNativeTarget section */
		834DA1C31DC69BAA00E9D919 /* KenKen */ = {
			isa = PBXNativeTarget;
			buildConfigurationList = 834DA1D91DC69BAB00E9D919 /* Build configuration list for PBXNativeTarget "KenKen" */;
			buildPhases = (
				06EF1526464A0CB9C1407D6F /* [CP] Check Pods Manifest.lock */,
				834DA1C01DC69BAA00E9D919 /* Sources */,
				834DA1C11DC69BAA00E9D919 /* Frameworks */,
				834DA1C21DC69BAA00E9D919 /* Resources */,
				C60DACCAEE6FD5DFCD5D9C3E /* [CP] Embed Pods Frameworks */,
				59D3F2183834650DB1761B12 /* [CP] Copy Pods Resources */,
			);
			buildRules = (
			);
			dependencies = (
			);
			name = KenKen;
			productName = KenKen;
			productReference = 834DA1C41DC69BAB00E9D919 /* KenKen.app */;
			productType = "com.apple.product-type.application";
		};
/* End PBXNativeTarget section */

/* Begin PBXProject section */
		834DA1BC1DC69BAA00E9D919 /* Project object */ = {
			isa = PBXProject;
			attributes = {
				LastSwiftUpdateCheck = 0810;
				LastUpgradeCheck = 0820;
				ORGANIZATIONNAME = DeepHouse;
				TargetAttributes = {
					834DA1C31DC69BAA00E9D919 = {
						CreatedOnToolsVersion = 8.1;
						DevelopmentTeam = D9L57N8ZAK;
						ProvisioningStyle = Manual;
					};
				};
			};
			buildConfigurationList = 834DA1BF1DC69BAA00E9D919 /* Build configuration list for PBXProject "KenKen" */;
			compatibilityVersion = "Xcode 3.2";
			developmentRegion = English;
			hasScannedForEncodings = 0;
			knownRegions = (
				en,
				Base,
			);
			mainGroup = 834DA1BB1DC69BAA00E9D919;
			productRefGroup = 834DA1C51DC69BAB00E9D919 /* Products */;
			projectDirPath = "";
			projectRoot = "";
			targets = (
				834DA1C31DC69BAA00E9D919 /* KenKen */,
			);
		};
/* End PBXProject section */

/* Begin PBXResourcesBuildPhase section */
		834DA1C21DC69BAA00E9D919 /* Resources */ = {
			isa = PBXResourcesBuildPhase;
			buildActionMask = 2147483647;
			files = (
				834DA1D51DC69BAB00E9D919 /* LaunchScreen.storyboard in Resources */,
				8348ADAE1EDD544C005331C0 /* GoogleService-Info.plist in Resources */,
				834DA1D21DC69BAB00E9D919 /* Assets.xcassets in Resources */,
				834DA1CD1DC69BAB00E9D919 /* Main.storyboard in Resources */,
			);
			runOnlyForDeploymentPostprocessing = 0;
		};
/* End PBXResourcesBuildPhase section */

/* Begin PBXShellScriptBuildPhase section */
		06EF1526464A0CB9C1407D6F /* [CP] Check Pods Manifest.lock */ = {
			isa = PBXShellScriptBuildPhase;
			buildActionMask = 2147483647;
			files = (
			);
			inputPaths = (
			);
			name = "[CP] Check Pods Manifest.lock";
			outputPaths = (
			);
			runOnlyForDeploymentPostprocessing = 0;
			shellPath = /bin/sh;
			shellScript = "diff \"${PODS_PODFILE_DIR_PATH}/Podfile.lock\" \"${PODS_ROOT}/Manifest.lock\" > /dev/null\nif [ $? != 0 ] ; then\n    # print error to STDERR\n    echo \"error: The sandbox is not in sync with the Podfile.lock. Run 'pod install' or update your CocoaPods installation.\" >&2\n    exit 1\nfi\n";
			showEnvVarsInLog = 0;
		};
		59D3F2183834650DB1761B12 /* [CP] Copy Pods Resources */ = {
			isa = PBXShellScriptBuildPhase;
			buildActionMask = 2147483647;
			files = (
			);
			inputPaths = (
			);
			name = "[CP] Copy Pods Resources";
			outputPaths = (
			);
			runOnlyForDeploymentPostprocessing = 0;
			shellPath = /bin/sh;
			shellScript = "\"${SRCROOT}/Pods/Target Support Files/Pods-KenKen/Pods-KenKen-resources.sh\"\n";
			showEnvVarsInLog = 0;
		};
		C60DACCAEE6FD5DFCD5D9C3E /* [CP] Embed Pods Frameworks */ = {
			isa = PBXShellScriptBuildPhase;
			buildActionMask = 2147483647;
			files = (
			);
			inputPaths = (
			);
			name = "[CP] Embed Pods Frameworks";
			outputPaths = (
			);
			runOnlyForDeploymentPostprocessing = 0;
			shellPath = /bin/sh;
			shellScript = "\"${SRCROOT}/Pods/Target Support Files/Pods-KenKen/Pods-KenKen-frameworks.sh\"\n";
			showEnvVarsInLog = 0;
		};
/* End PBXShellScriptBuildPhase section */

/* Begin PBXSourcesBuildPhase section */
		834DA1C01DC69BAA00E9D919 /* Sources */ = {
			isa = PBXSourcesBuildPhase;
			buildActionMask = 2147483647;
			files = (
				83922B341DF7064E0084D0BF /* PlayHelpViewController.swift in Sources */,
				83A05DD11DDA3D6700FE77BA /* TutorialContainerViewController.swift in Sources */,
				8348ADB01EDDBF32005331C0 /* LoginViewController.swift in Sources */,
				83FC41BF1DD8DD6F008FAAFE /* Slide1ViewController.swift in Sources */,
				83A98D101DDBB48B00EF70B4 /* FourthTutVC.swift in Sources */,
				83AB46481DE3F07200643DD9 /* Scoreboard.swift in Sources */,
				83615AE51EE8E7C40049ACBF /* AvatarCollectionViewCell.swift in Sources */,
				834DA1CA1DC69BAB00E9D919 /* ViewController.swift in Sources */,
				831589E41DE20EDF00ABC3AE /* InfoViewController.swift in Sources */,
				831589E81DE2895F00ABC3AE /* StartViewController.swift in Sources */,
				839E7FB91DF3207300FAD13E /* TopAlignedLabel.swift in Sources */,
				83E1D23D1EE88881009F7494 /* AccountViewController.swift in Sources */,
				8359EBE51DE0E418002834E5 /* ChallengeViewController.swift in Sources */,
				834DA1D01DC69BAB00E9D919 /* KenKen.xcdatamodeld in Sources */,
				830D3D631DED33CB00D0DF44 /* StartTutorialViewController.swift in Sources */,
				8359EBE31DE0DE64002834E5 /* ChallengeMenuViewController.swift in Sources */,
				83A98D061DDBA54400EF70B4 /* Slide2ViewController.swift in Sources */,
				83FC41BB1DD7B081008FAAFE /* TutorialPageViewController.swift in Sources */,
				83615AE31EE8E4B30049ACBF /* AvatarViewController.swift in Sources */,
				831589E01DE0F20200ABC3AE /* FailedViewController.swift in Sources */,
				83FC41B71DD5696B008FAAFE /* MyCustomCell.swift in Sources */,
				83A05DCF1DDA1B4900FE77BA /* PopUpViewController.swift in Sources */,
				834DA1DD1DC8415700E9D919 /* KenKenCell.swift in Sources */,
				83869EC01EE041B200583B9A /* User.swift in Sources */,
				83E1D23F1EE894CB009F7494 /* AccountHeaderCell.swift in Sources */,
				8312326F1DEE099B008F9C89 /* Cage.swift in Sources */,
				83A05DD31DDA9C9700FE77BA /* HomePageViewController.swift in Sources */,
				83615AE71EEA34560049ACBF /* AccountBodyCell.swift in Sources */,
				8359EBDE1DE0DBCD002834E5 /* ScoreBoardViewController.swift in Sources */,
				834DA1DF1DC90B9000E9D919 /* KenKenField.swift in Sources */,
				830D3D611DECAF1000D0DF44 /* StarRank.swift in Sources */,
				837358C81EBB25B200E81DA5 /* HomeNavigationController.swift in Sources */,
				83FC41B91DD56A39008FAAFE /* HomeViewController.swift in Sources */,
				83A98D0E1DDBB47E00EF70B4 /* ThirdTutVC.swift in Sources */,
				831589EA1DE3567300ABC3AE /* Challenge.swift in Sources */,
				83615AE91EEA48720049ACBF /* AccountLogOutCell.swift in Sources */,
				8357FC4E1EE844D3007A41F3 /* CustomNavigationBar.swift in Sources */,
				834DA1C81DC69BAB00E9D919 /* AppDelegate.swift in Sources */,
				83A98D081DDBB24200EF70B4 /* FirstTutVC.swift in Sources */,
				83FE29921DE613C20006A334 /* ScoreDetailTableViewController.swift in Sources */,
				831589E61DE2132000ABC3AE /* ExtensionsViewController.swift in Sources */,
				831589E21DE15C1300ABC3AE /* ChallengeTableViewCell.swift in Sources */,
				839E7FBB1DF32AF700FAD13E /* HelpViewController.swift in Sources */,
				8359EBE71DE0E6A4002834E5 /* FinishedViewController.swift in Sources */,
				837358CA1EBB510B00E81DA5 /* PauseViewController.swift in Sources */,
				83A98D0C1DDBB45100EF70B4 /* SecondTutVC.swift in Sources */,
				83AB46461DE3BB6500643DD9 /* ChallengeCompletedViewController.swift in Sources */,
				832225ED1EBD42BB00CAF17E /* RateViewController.swift in Sources */,
				830D3D5F1DECA3AF00D0DF44 /* ScoreboardTableViewCell.swift in Sources */,
			);
			runOnlyForDeploymentPostprocessing = 0;
		};
/* End PBXSourcesBuildPhase section */

/* Begin PBXVariantGroup section */
		834DA1CB1DC69BAB00E9D919 /* Main.storyboard */ = {
			isa = PBXVariantGroup;
			children = (
				834DA1CC1DC69BAB00E9D919 /* Base */,
			);
			name = Main.storyboard;
			sourceTree = "<group>";
		};
		834DA1D31DC69BAB00E9D919 /* LaunchScreen.storyboard */ = {
			isa = PBXVariantGroup;
			children = (
				834DA1D41DC69BAB00E9D919 /* Base */,
			);
			name = LaunchScreen.storyboard;
			sourceTree = "<group>";
		};
/* End PBXVariantGroup section */

/* Begin XCBuildConfiguration section */
		834DA1D71DC69BAB00E9D919 /* Debug */ = {
			isa = XCBuildConfiguration;
			buildSettings = {
				ALWAYS_SEARCH_USER_PATHS = NO;
				CLANG_ANALYZER_NONNULL = YES;
				CLANG_CXX_LANGUAGE_STANDARD = "gnu++0x";
				CLANG_CXX_LIBRARY = "libc++";
				CLANG_ENABLE_MODULES = YES;
				CLANG_ENABLE_OBJC_ARC = YES;
				CLANG_WARN_BOOL_CONVERSION = YES;
				CLANG_WARN_CONSTANT_CONVERSION = YES;
				CLANG_WARN_DIRECT_OBJC_ISA_USAGE = YES_ERROR;
				CLANG_WARN_DOCUMENTATION_COMMENTS = YES;
				CLANG_WARN_EMPTY_BODY = YES;
				CLANG_WARN_ENUM_CONVERSION = YES;
				CLANG_WARN_INFINITE_RECURSION = YES;
				CLANG_WARN_INT_CONVERSION = YES;
				CLANG_WARN_OBJC_ROOT_CLASS = YES_ERROR;
				CLANG_WARN_SUSPICIOUS_MOVE = YES;
				CLANG_WARN_SUSPICIOUS_MOVES = YES;
				CLANG_WARN_UNREACHABLE_CODE = YES;
				CLANG_WARN__DUPLICATE_METHOD_MATCH = YES;
				"CODE_SIGN_IDENTITY[sdk=iphoneos*]" = "iPhone Developer";
				COPY_PHASE_STRIP = NO;
				DEBUG_INFORMATION_FORMAT = dwarf;
				ENABLE_STRICT_OBJC_MSGSEND = YES;
				ENABLE_TESTABILITY = YES;
				GCC_C_LANGUAGE_STANDARD = gnu99;
				GCC_DYNAMIC_NO_PIC = NO;
				GCC_NO_COMMON_BLOCKS = YES;
				GCC_OPTIMIZATION_LEVEL = 0;
				GCC_PREPROCESSOR_DEFINITIONS = (
					"DEBUG=1",
					"$(inherited)",
				);
				GCC_WARN_64_TO_32_BIT_CONVERSION = YES;
				GCC_WARN_ABOUT_RETURN_TYPE = YES_ERROR;
				GCC_WARN_UNDECLARED_SELECTOR = YES;
				GCC_WARN_UNINITIALIZED_AUTOS = YES_AGGRESSIVE;
				GCC_WARN_UNUSED_FUNCTION = YES;
				GCC_WARN_UNUSED_VARIABLE = YES;
				IPHONEOS_DEPLOYMENT_TARGET = 10.0;
				MTL_ENABLE_DEBUG_INFO = YES;
				ONLY_ACTIVE_ARCH = YES;
				SDKROOT = iphoneos;
				SWIFT_ACTIVE_COMPILATION_CONDITIONS = DEBUG;
				SWIFT_OPTIMIZATION_LEVEL = "-Onone";
			};
			name = Debug;
		};
		834DA1D81DC69BAB00E9D919 /* Release */ = {
			isa = XCBuildConfiguration;
			buildSettings = {
				ALWAYS_SEARCH_USER_PATHS = NO;
				CLANG_ANALYZER_NONNULL = YES;
				CLANG_CXX_LANGUAGE_STANDARD = "gnu++0x";
				CLANG_CXX_LIBRARY = "libc++";
				CLANG_ENABLE_MODULES = YES;
				CLANG_ENABLE_OBJC_ARC = YES;
				CLANG_WARN_BOOL_CONVERSION = YES;
				CLANG_WARN_CONSTANT_CONVERSION = YES;
				CLANG_WARN_DIRECT_OBJC_ISA_USAGE = YES_ERROR;
				CLANG_WARN_DOCUMENTATION_COMMENTS = YES;
				CLANG_WARN_EMPTY_BODY = YES;
				CLANG_WARN_ENUM_CONVERSION = YES;
				CLANG_WARN_INFINITE_RECURSION = YES;
				CLANG_WARN_INT_CONVERSION = YES;
				CLANG_WARN_OBJC_ROOT_CLASS = YES_ERROR;
				CLANG_WARN_SUSPICIOUS_MOVE = YES;
				CLANG_WARN_SUSPICIOUS_MOVES = YES;
				CLANG_WARN_UNREACHABLE_CODE = YES;
				CLANG_WARN__DUPLICATE_METHOD_MATCH = YES;
				"CODE_SIGN_IDENTITY[sdk=iphoneos*]" = "iPhone Developer";
				COPY_PHASE_STRIP = NO;
				DEBUG_INFORMATION_FORMAT = "dwarf-with-dsym";
				ENABLE_NS_ASSERTIONS = NO;
				ENABLE_STRICT_OBJC_MSGSEND = YES;
				GCC_C_LANGUAGE_STANDARD = gnu99;
				GCC_NO_COMMON_BLOCKS = YES;
				GCC_WARN_64_TO_32_BIT_CONVERSION = YES;
				GCC_WARN_ABOUT_RETURN_TYPE = YES_ERROR;
				GCC_WARN_UNDECLARED_SELECTOR = YES;
				GCC_WARN_UNINITIALIZED_AUTOS = YES_AGGRESSIVE;
				GCC_WARN_UNUSED_FUNCTION = YES;
				GCC_WARN_UNUSED_VARIABLE = YES;
				IPHONEOS_DEPLOYMENT_TARGET = 10.0;
				MTL_ENABLE_DEBUG_INFO = NO;
				SDKROOT = iphoneos;
				SWIFT_OPTIMIZATION_LEVEL = "-Owholemodule";
				VALIDATE_PRODUCT = YES;
			};
			name = Release;
		};
		834DA1DA1DC69BAB00E9D919 /* Debug */ = {
			isa = XCBuildConfiguration;
			baseConfigurationReference = C7F17CCAF2B08613E4D54D64 /* Pods-KenKen.debug.xcconfig */;
			buildSettings = {
				ASSETCATALOG_COMPILER_APPICON_NAME = AppIcon;
				CODE_SIGN_IDENTITY = "iPhone Distribution: Chris Fetterolf (D9L57N8ZAK)";
				"CODE_SIGN_IDENTITY[sdk=iphoneos*]" = "iPhone Distribution: Chris Fetterolf (D9L57N8ZAK)";
				DEVELOPMENT_TEAM = D9L57N8ZAK;
				INFOPLIST_FILE = KenKen/Info.plist;
				IPHONEOS_DEPLOYMENT_TARGET = 10.0;
				LD_RUNPATH_SEARCH_PATHS = "$(inherited) @executable_path/Frameworks";
				PRODUCT_BUNDLE_IDENTIFIER = com.DeepHouse.myKenKen;
				PRODUCT_NAME = "$(TARGET_NAME)";
				PROVISIONING_PROFILE = "db70b5b5-dbc2-4522-a610-d586f321120c";
				PROVISIONING_PROFILE_SPECIFIER = "myKenKen Provisioning Profile";
				SWIFT_VERSION = 3.0;
				TARGETED_DEVICE_FAMILY = "1,2";
			};
			name = Debug;
		};
		834DA1DB1DC69BAB00E9D919 /* Release */ = {
			isa = XCBuildConfiguration;
			baseConfigurationReference = 73AA76184E984EFC5DCDA4FC /* Pods-KenKen.release.xcconfig */;
			buildSettings = {
				ASSETCATALOG_COMPILER_APPICON_NAME = AppIcon;
				CODE_SIGN_IDENTITY = "iPhone Distribution: Chris Fetterolf (D9L57N8ZAK)";
				"CODE_SIGN_IDENTITY[sdk=iphoneos*]" = "iPhone Distribution: Chris Fetterolf (D9L57N8ZAK)";
				DEVELOPMENT_TEAM = D9L57N8ZAK;
				INFOPLIST_FILE = KenKen/Info.plist;
				IPHONEOS_DEPLOYMENT_TARGET = 10.0;
				LD_RUNPATH_SEARCH_PATHS = "$(inherited) @executable_path/Frameworks";
				PRODUCT_BUNDLE_IDENTIFIER = com.DeepHouse.myKenKen;
				PRODUCT_NAME = "$(TARGET_NAME)";
				PROVISIONING_PROFILE = "db70b5b5-dbc2-4522-a610-d586f321120c";
				PROVISIONING_PROFILE_SPECIFIER = "myKenKen Provisioning Profile";
				SWIFT_VERSION = 3.0;
				TARGETED_DEVICE_FAMILY = "1,2";
			};
			name = Release;
		};
/* End XCBuildConfiguration section */

/* Begin XCConfigurationList section */
		834DA1BF1DC69BAA00E9D919 /* Build configuration list for PBXProject "KenKen" */ = {
			isa = XCConfigurationList;
			buildConfigurations = (
				834DA1D71DC69BAB00E9D919 /* Debug */,
				834DA1D81DC69BAB00E9D919 /* Release */,
			);
			defaultConfigurationIsVisible = 0;
			defaultConfigurationName = Release;
		};
		834DA1D91DC69BAB00E9D919 /* Build configuration list for PBXNativeTarget "KenKen" */ = {
			isa = XCConfigurationList;
			buildConfigurations = (
				834DA1DA1DC69BAB00E9D919 /* Debug */,
				834DA1DB1DC69BAB00E9D919 /* Release */,
			);
			defaultConfigurationIsVisible = 0;
			defaultConfigurationName = Release;
		};
/* End XCConfigurationList section */

/* Begin XCVersionGroup section */
		834DA1CE1DC69BAB00E9D919 /* KenKen.xcdatamodeld */ = {
			isa = XCVersionGroup;
			children = (
				834DA1CF1DC69BAB00E9D919 /* KenKen.xcdatamodel */,
			);
			currentVersion = 834DA1CF1DC69BAB00E9D919 /* KenKen.xcdatamodel */;
			path = KenKen.xcdatamodeld;
			sourceTree = "<group>";
			versionGroupType = wrapper.xcdatamodel;
		};
/* End XCVersionGroup section */
	};
	rootObject = 834DA1BC1DC69BAA00E9D919 /* Project object */;
}
